// !$*UTF8*$!
{
	archiveVersion = 1;
	classes = {
	};
	objectVersion = 46;
	objects = {

/* Begin PBXBuildFile section */
		1C38C9E51EF290DF0002F750 /* BaseModel.m in Sources */ = {isa = PBXBuildFile; fileRef = 1C38C9E31EF290DF0002F750 /* BaseModel.m */; };
		1C38C9E81EF290F80002F750 /* NetworkManager.m in Sources */ = {isa = PBXBuildFile; fileRef = 1C38C9E61EF290F80002F750 /* NetworkManager.m */; };
		1C38C9EB1EF291030002F750 /* TestModel.m in Sources */ = {isa = PBXBuildFile; fileRef = 1C38C9E91EF291030002F750 /* TestModel.m */; };
		1C38C9EF1EF2D2A00002F750 /* MainTabBarController.m in Sources */ = {isa = PBXBuildFile; fileRef = 1C38C9EE1EF2D2A00002F750 /* MainTabBarController.m */; };
		1C38C9F11EF2D3B60002F750 /* Tabbar.plist in Resources */ = {isa = PBXBuildFile; fileRef = 1C38C9F01EF2D3B60002F750 /* Tabbar.plist */; };
		1C38C9F41EF2D5310002F750 /* MessageVC.m in Sources */ = {isa = PBXBuildFile; fileRef = 1C38C9F31EF2D5310002F750 /* MessageVC.m */; };
		1C38C9F71EF2D53E0002F750 /* ContactsVC.m in Sources */ = {isa = PBXBuildFile; fileRef = 1C38C9F61EF2D53E0002F750 /* ContactsVC.m */; };
		1C38C9FA1EF2D54C0002F750 /* DiscoverVC.m in Sources */ = {isa = PBXBuildFile; fileRef = 1C38C9F91EF2D54C0002F750 /* DiscoverVC.m */; };
		1C38C9FD1EF2D5640002F750 /* MineVC.m in Sources */ = {isa = PBXBuildFile; fileRef = 1C38C9FC1EF2D5640002F750 /* MineVC.m */; };
		1CBD80DF1EEFDAD600EE2FD5 /* LaunchIntroductionView.m in Sources */ = {isa = PBXBuildFile; fileRef = 1CBD80DD1EEFDAD600EE2FD5 /* LaunchIntroductionView.m */; };
		1CC78DFC1EE555DB0010C833 /* main.m in Sources */ = {isa = PBXBuildFile; fileRef = 1CC78DFB1EE555DB0010C833 /* main.m */; };
		1CC78DFF1EE555DB0010C833 /* AppDelegate.m in Sources */ = {isa = PBXBuildFile; fileRef = 1CC78DFE1EE555DB0010C833 /* AppDelegate.m */; };
		1CC78E021EE555DB0010C833 /* ViewController.m in Sources */ = {isa = PBXBuildFile; fileRef = 1CC78E011EE555DB0010C833 /* ViewController.m */; };
		1CC78E051EE555DB0010C833 /* Main.storyboard in Resources */ = {isa = PBXBuildFile; fileRef = 1CC78E031EE555DB0010C833 /* Main.storyboard */; };
		1CC78E071EE555DB0010C833 /* Assets.xcassets in Resources */ = {isa = PBXBuildFile; fileRef = 1CC78E061EE555DB0010C833 /* Assets.xcassets */; };
		1CC78E0A1EE555DB0010C833 /* LaunchScreen.storyboard in Resources */ = {isa = PBXBuildFile; fileRef = 1CC78E081EE555DB0010C833 /* LaunchScreen.storyboard */; };
		1CC78E151EE555DB0010C833 /* BaseAPPTests.m in Sources */ = {isa = PBXBuildFile; fileRef = 1CC78E141EE555DB0010C833 /* BaseAPPTests.m */; };
		1CC78E201EE555DB0010C833 /* BaseAPPUITests.m in Sources */ = {isa = PBXBuildFile; fileRef = 1CC78E1F1EE555DB0010C833 /* BaseAPPUITests.m */; };
		1CC78E311EE556430010C833 /* Localizable.strings in Resources */ = {isa = PBXBuildFile; fileRef = 1CC78E331EE556430010C833 /* Localizable.strings */; };
		1CC78E371EE559530010C833 /* InfoPlist.strings in Resources */ = {isa = PBXBuildFile; fileRef = 1CC78E391EE559530010C833 /* InfoPlist.strings */; };
		8BC0C3901EEFE2AF00876EE2 /* jcore-ios-1.1.1.a in Frameworks */ = {isa = PBXBuildFile; fileRef = 8BC0C38D1EEFE2AF00876EE2 /* jcore-ios-1.1.1.a */; };
		8BC0C3911EEFE2AF00876EE2 /* jpush-ios-3.0.2.a in Frameworks */ = {isa = PBXBuildFile; fileRef = 8BC0C38E1EEFE2AF00876EE2 /* jpush-ios-3.0.2.a */; };
		8BC0C3941EEFE2F500876EE2 /* CFNetwork.framework in Frameworks */ = {isa = PBXBuildFile; fileRef = 8BC0C3931EEFE2F500876EE2 /* CFNetwork.framework */; };
		8BC0C3961EEFE2FD00876EE2 /* CoreFoundation.framework in Frameworks */ = {isa = PBXBuildFile; fileRef = 8BC0C3951EEFE2FD00876EE2 /* CoreFoundation.framework */; };
		8BC0C3981EEFE30300876EE2 /* CoreTelephony.framework in Frameworks */ = {isa = PBXBuildFile; fileRef = 8BC0C3971EEFE30300876EE2 /* CoreTelephony.framework */; };
		8BC0C39A1EEFE30900876EE2 /* SystemConfiguration.framework in Frameworks */ = {isa = PBXBuildFile; fileRef = 8BC0C3991EEFE30900876EE2 /* SystemConfiguration.framework */; };
		8BC0C39C1EEFE31200876EE2 /* CoreGraphics.framework in Frameworks */ = {isa = PBXBuildFile; fileRef = 8BC0C39B1EEFE31200876EE2 /* CoreGraphics.framework */; };
		8BC0C39E1EEFE31A00876EE2 /* Foundation.framework in Frameworks */ = {isa = PBXBuildFile; fileRef = 8BC0C39D1EEFE31A00876EE2 /* Foundation.framework */; };
		8BC0C3A01EEFE32000876EE2 /* UIKit.framework in Frameworks */ = {isa = PBXBuildFile; fileRef = 8BC0C39F1EEFE32000876EE2 /* UIKit.framework */; };
		8BC0C3A21EEFE32500876EE2 /* Security.framework in Frameworks */ = {isa = PBXBuildFile; fileRef = 8BC0C3A11EEFE32500876EE2 /* Security.framework */; };
		8BC0C3A41EEFE32D00876EE2 /* libz.tbd in Frameworks */ = {isa = PBXBuildFile; fileRef = 8BC0C3A31EEFE32D00876EE2 /* libz.tbd */; };
		8BC0C3A61EEFE33900876EE2 /* UserNotifications.framework in Frameworks */ = {isa = PBXBuildFile; fileRef = 8BC0C3A51EEFE33900876EE2 /* UserNotifications.framework */; };
		8BC0C3A81EEFE34100876EE2 /* libresolv.tbd in Frameworks */ = {isa = PBXBuildFile; fileRef = 8BC0C3A71EEFE34100876EE2 /* libresolv.tbd */; };
		8BC0C3AD1EEFE3B800876EE2 /* AppDelegate+Jpush.m in Sources */ = {isa = PBXBuildFile; fileRef = 8BC0C3AC1EEFE3B800876EE2 /* AppDelegate+Jpush.m */; };
		8BC0C3B91EEFF0AF00876EE2 /* RegularTool.m in Sources */ = {isa = PBXBuildFile; fileRef = 8BC0C3B81EEFF0AF00876EE2 /* RegularTool.m */; };
		8BC0C3BE1EEFF1E700876EE2 /* UIView+Extension.m in Sources */ = {isa = PBXBuildFile; fileRef = 8BC0C3BD1EEFF1E700876EE2 /* UIView+Extension.m */; };
		BD5456C9BC30EC4C316F23C8 /* libPods-BaseAPP.a in Frameworks */ = {isa = PBXBuildFile; fileRef = F80136A26D7A4674F86EB61B /* libPods-BaseAPP.a */; };
/* End PBXBuildFile section */

/* Begin PBXContainerItemProxy section */
		1CC78E111EE555DB0010C833 /* PBXContainerItemProxy */ = {
			isa = PBXContainerItemProxy;
			containerPortal = 1CC78DEF1EE555DB0010C833 /* Project object */;
			proxyType = 1;
			remoteGlobalIDString = 1CC78DF61EE555DB0010C833;
			remoteInfo = BaseAPP;
		};
		1CC78E1C1EE555DB0010C833 /* PBXContainerItemProxy */ = {
			isa = PBXContainerItemProxy;
			containerPortal = 1CC78DEF1EE555DB0010C833 /* Project object */;
			proxyType = 1;
			remoteGlobalIDString = 1CC78DF61EE555DB0010C833;
			remoteInfo = BaseAPP;
		};
/* End PBXContainerItemProxy section */

/* Begin PBXFileReference section */
		1C38C9E31EF290DF0002F750 /* BaseModel.m */ = {isa = PBXFileReference; fileEncoding = 4; lastKnownFileType = sourcecode.c.objc; path = BaseModel.m; sourceTree = "<group>"; };
		1C38C9E41EF290DF0002F750 /* BaseModel.h */ = {isa = PBXFileReference; fileEncoding = 4; lastKnownFileType = sourcecode.c.h; path = BaseModel.h; sourceTree = "<group>"; };
		1C38C9E61EF290F80002F750 /* NetworkManager.m */ = {isa = PBXFileReference; fileEncoding = 4; lastKnownFileType = sourcecode.c.objc; path = NetworkManager.m; sourceTree = "<group>"; };
		1C38C9E71EF290F80002F750 /* NetworkManager.h */ = {isa = PBXFileReference; fileEncoding = 4; lastKnownFileType = sourcecode.c.h; path = NetworkManager.h; sourceTree = "<group>"; };
		1C38C9E91EF291030002F750 /* TestModel.m */ = {isa = PBXFileReference; fileEncoding = 4; lastKnownFileType = sourcecode.c.objc; path = TestModel.m; sourceTree = "<group>"; };
		1C38C9EA1EF291030002F750 /* TestModel.h */ = {isa = PBXFileReference; fileEncoding = 4; lastKnownFileType = sourcecode.c.h; path = TestModel.h; sourceTree = "<group>"; };
		1C38C9ED1EF2D2A00002F750 /* MainTabBarController.h */ = {isa = PBXFileReference; fileEncoding = 4; lastKnownFileType = sourcecode.c.h; path = MainTabBarController.h; sourceTree = "<group>"; };
		1C38C9EE1EF2D2A00002F750 /* MainTabBarController.m */ = {isa = PBXFileReference; fileEncoding = 4; lastKnownFileType = sourcecode.c.objc; path = MainTabBarController.m; sourceTree = "<group>"; };
		1C38C9F01EF2D3B60002F750 /* Tabbar.plist */ = {isa = PBXFileReference; fileEncoding = 4; lastKnownFileType = text.plist.xml; path = Tabbar.plist; sourceTree = "<group>"; };
		1C38C9F21EF2D5310002F750 /* MessageVC.h */ = {isa = PBXFileReference; fileEncoding = 4; lastKnownFileType = sourcecode.c.h; path = MessageVC.h; sourceTree = "<group>"; };
		1C38C9F31EF2D5310002F750 /* MessageVC.m */ = {isa = PBXFileReference; fileEncoding = 4; lastKnownFileType = sourcecode.c.objc; path = MessageVC.m; sourceTree = "<group>"; };
		1C38C9F51EF2D53E0002F750 /* ContactsVC.h */ = {isa = PBXFileReference; fileEncoding = 4; lastKnownFileType = sourcecode.c.h; path = ContactsVC.h; sourceTree = "<group>"; };
		1C38C9F61EF2D53E0002F750 /* ContactsVC.m */ = {isa = PBXFileReference; fileEncoding = 4; lastKnownFileType = sourcecode.c.objc; path = ContactsVC.m; sourceTree = "<group>"; };
		1C38C9F81EF2D54C0002F750 /* DiscoverVC.h */ = {isa = PBXFileReference; fileEncoding = 4; lastKnownFileType = sourcecode.c.h; path = DiscoverVC.h; sourceTree = "<group>"; };
		1C38C9F91EF2D54C0002F750 /* DiscoverVC.m */ = {isa = PBXFileReference; fileEncoding = 4; lastKnownFileType = sourcecode.c.objc; path = DiscoverVC.m; sourceTree = "<group>"; };
		1C38C9FB1EF2D5640002F750 /* MineVC.h */ = {isa = PBXFileReference; fileEncoding = 4; lastKnownFileType = sourcecode.c.h; path = MineVC.h; sourceTree = "<group>"; };
		1C38C9FC1EF2D5640002F750 /* MineVC.m */ = {isa = PBXFileReference; fileEncoding = 4; lastKnownFileType = sourcecode.c.objc; path = MineVC.m; sourceTree = "<group>"; };
		1CBD80DD1EEFDAD600EE2FD5 /* LaunchIntroductionView.m */ = {isa = PBXFileReference; fileEncoding = 4; lastKnownFileType = sourcecode.c.objc; path = LaunchIntroductionView.m; sourceTree = "<group>"; };
		1CBD80DE1EEFDAD600EE2FD5 /* LaunchIntroductionView.h */ = {isa = PBXFileReference; fileEncoding = 4; lastKnownFileType = sourcecode.c.h; path = LaunchIntroductionView.h; sourceTree = "<group>"; };
		1CC78DF71EE555DB0010C833 /* BaseAPP.app */ = {isa = PBXFileReference; explicitFileType = wrapper.application; includeInIndex = 0; path = BaseAPP.app; sourceTree = BUILT_PRODUCTS_DIR; };
		1CC78DFB1EE555DB0010C833 /* main.m */ = {isa = PBXFileReference; lastKnownFileType = sourcecode.c.objc; path = main.m; sourceTree = "<group>"; };
		1CC78DFD1EE555DB0010C833 /* AppDelegate.h */ = {isa = PBXFileReference; lastKnownFileType = sourcecode.c.h; path = AppDelegate.h; sourceTree = "<group>"; };
		1CC78DFE1EE555DB0010C833 /* AppDelegate.m */ = {isa = PBXFileReference; lastKnownFileType = sourcecode.c.objc; path = AppDelegate.m; sourceTree = "<group>"; };
		1CC78E001EE555DB0010C833 /* ViewController.h */ = {isa = PBXFileReference; lastKnownFileType = sourcecode.c.h; path = ViewController.h; sourceTree = "<group>"; };
		1CC78E011EE555DB0010C833 /* ViewController.m */ = {isa = PBXFileReference; lastKnownFileType = sourcecode.c.objc; path = ViewController.m; sourceTree = "<group>"; };
		1CC78E061EE555DB0010C833 /* Assets.xcassets */ = {isa = PBXFileReference; lastKnownFileType = folder.assetcatalog; path = Assets.xcassets; sourceTree = "<group>"; };
		1CC78E0B1EE555DB0010C833 /* Info.plist */ = {isa = PBXFileReference; lastKnownFileType = text.plist.xml; path = Info.plist; sourceTree = "<group>"; };
		1CC78E101EE555DB0010C833 /* BaseAPPTests.xctest */ = {isa = PBXFileReference; explicitFileType = wrapper.cfbundle; includeInIndex = 0; path = BaseAPPTests.xctest; sourceTree = BUILT_PRODUCTS_DIR; };
		1CC78E141EE555DB0010C833 /* BaseAPPTests.m */ = {isa = PBXFileReference; lastKnownFileType = sourcecode.c.objc; path = BaseAPPTests.m; sourceTree = "<group>"; };
		1CC78E161EE555DB0010C833 /* Info.plist */ = {isa = PBXFileReference; lastKnownFileType = text.plist.xml; path = Info.plist; sourceTree = "<group>"; };
		1CC78E1B1EE555DB0010C833 /* BaseAPPUITests.xctest */ = {isa = PBXFileReference; explicitFileType = wrapper.cfbundle; includeInIndex = 0; path = BaseAPPUITests.xctest; sourceTree = BUILT_PRODUCTS_DIR; };
		1CC78E1F1EE555DB0010C833 /* BaseAPPUITests.m */ = {isa = PBXFileReference; lastKnownFileType = sourcecode.c.objc; path = BaseAPPUITests.m; sourceTree = "<group>"; };
		1CC78E211EE555DB0010C833 /* Info.plist */ = {isa = PBXFileReference; lastKnownFileType = text.plist.xml; path = Info.plist; sourceTree = "<group>"; };
		1CC78E321EE556430010C833 /* en */ = {isa = PBXFileReference; lastKnownFileType = text.plist.strings; name = en; path = en.lproj/Localizable.strings; sourceTree = "<group>"; };
		1CC78E341EE556440010C833 /* zh-Hans */ = {isa = PBXFileReference; lastKnownFileType = text.plist.strings; name = "zh-Hans"; path = "zh-Hans.lproj/Localizable.strings"; sourceTree = "<group>"; };
		1CC78E381EE559530010C833 /* en */ = {isa = PBXFileReference; lastKnownFileType = text.plist.strings; name = en; path = en.lproj/InfoPlist.strings; sourceTree = "<group>"; };
		1CC78E3A1EE559540010C833 /* zh-Hans */ = {isa = PBXFileReference; lastKnownFileType = text.plist.strings; name = "zh-Hans"; path = "zh-Hans.lproj/InfoPlist.strings"; sourceTree = "<group>"; };
		1CC78E431EE55B650010C833 /* Base */ = {isa = PBXFileReference; lastKnownFileType = file.storyboard; name = Base; path = Base.lproj/Main.storyboard; sourceTree = "<group>"; };
		1CC78E441EE55B6E0010C833 /* Base */ = {isa = PBXFileReference; lastKnownFileType = file.storyboard; name = Base; path = Base.lproj/LaunchScreen.storyboard; sourceTree = "<group>"; };
		1CC78E461EE55B890010C833 /* en */ = {isa = PBXFileReference; lastKnownFileType = text.plist.strings; name = en; path = en.lproj/Main.strings; sourceTree = "<group>"; };
		1CC78E4A1EE55B9F0010C833 /* zh-Hans */ = {isa = PBXFileReference; lastKnownFileType = text.plist.strings; name = "zh-Hans"; path = "zh-Hans.lproj/Main.strings"; sourceTree = "<group>"; };
		1CC78E4C1EE55BA50010C833 /* en */ = {isa = PBXFileReference; lastKnownFileType = text.plist.strings; name = en; path = en.lproj/LaunchScreen.strings; sourceTree = "<group>"; };
		1CC78E4E1EE55BA80010C833 /* zh-Hans */ = {isa = PBXFileReference; lastKnownFileType = text.plist.strings; name = "zh-Hans"; path = "zh-Hans.lproj/LaunchScreen.strings"; sourceTree = "<group>"; };
		8BC0C38D1EEFE2AF00876EE2 /* jcore-ios-1.1.1.a */ = {isa = PBXFileReference; lastKnownFileType = archive.ar; path = "jcore-ios-1.1.1.a"; sourceTree = "<group>"; };
		8BC0C38E1EEFE2AF00876EE2 /* jpush-ios-3.0.2.a */ = {isa = PBXFileReference; lastKnownFileType = archive.ar; path = "jpush-ios-3.0.2.a"; sourceTree = "<group>"; };
		8BC0C38F1EEFE2AF00876EE2 /* JPUSHService.h */ = {isa = PBXFileReference; fileEncoding = 4; lastKnownFileType = sourcecode.c.h; path = JPUSHService.h; sourceTree = "<group>"; };
		8BC0C3931EEFE2F500876EE2 /* CFNetwork.framework */ = {isa = PBXFileReference; lastKnownFileType = wrapper.framework; name = CFNetwork.framework; path = System/Library/Frameworks/CFNetwork.framework; sourceTree = SDKROOT; };
		8BC0C3951EEFE2FD00876EE2 /* CoreFoundation.framework */ = {isa = PBXFileReference; lastKnownFileType = wrapper.framework; name = CoreFoundation.framework; path = System/Library/Frameworks/CoreFoundation.framework; sourceTree = SDKROOT; };
		8BC0C3971EEFE30300876EE2 /* CoreTelephony.framework */ = {isa = PBXFileReference; lastKnownFileType = wrapper.framework; name = CoreTelephony.framework; path = System/Library/Frameworks/CoreTelephony.framework; sourceTree = SDKROOT; };
		8BC0C3991EEFE30900876EE2 /* SystemConfiguration.framework */ = {isa = PBXFileReference; lastKnownFileType = wrapper.framework; name = SystemConfiguration.framework; path = System/Library/Frameworks/SystemConfiguration.framework; sourceTree = SDKROOT; };
		8BC0C39B1EEFE31200876EE2 /* CoreGraphics.framework */ = {isa = PBXFileReference; lastKnownFileType = wrapper.framework; name = CoreGraphics.framework; path = System/Library/Frameworks/CoreGraphics.framework; sourceTree = SDKROOT; };
		8BC0C39D1EEFE31A00876EE2 /* Foundation.framework */ = {isa = PBXFileReference; lastKnownFileType = wrapper.framework; name = Foundation.framework; path = System/Library/Frameworks/Foundation.framework; sourceTree = SDKROOT; };
		8BC0C39F1EEFE32000876EE2 /* UIKit.framework */ = {isa = PBXFileReference; lastKnownFileType = wrapper.framework; name = UIKit.framework; path = System/Library/Frameworks/UIKit.framework; sourceTree = SDKROOT; };
		8BC0C3A11EEFE32500876EE2 /* Security.framework */ = {isa = PBXFileReference; lastKnownFileType = wrapper.framework; name = Security.framework; path = System/Library/Frameworks/Security.framework; sourceTree = SDKROOT; };
		8BC0C3A31EEFE32D00876EE2 /* libz.tbd */ = {isa = PBXFileReference; lastKnownFileType = "sourcecode.text-based-dylib-definition"; name = libz.tbd; path = usr/lib/libz.tbd; sourceTree = SDKROOT; };
		8BC0C3A51EEFE33900876EE2 /* UserNotifications.framework */ = {isa = PBXFileReference; lastKnownFileType = wrapper.framework; name = UserNotifications.framework; path = System/Library/Frameworks/UserNotifications.framework; sourceTree = SDKROOT; };
		8BC0C3A71EEFE34100876EE2 /* libresolv.tbd */ = {isa = PBXFileReference; lastKnownFileType = "sourcecode.text-based-dylib-definition"; name = libresolv.tbd; path = usr/lib/libresolv.tbd; sourceTree = SDKROOT; };
		8BC0C3A91EEFE34B00876EE2 /* BaseAPP.entitlements */ = {isa = PBXFileReference; lastKnownFileType = text.plist.entitlements; path = BaseAPP.entitlements; sourceTree = "<group>"; };
		8BC0C3AB1EEFE3B800876EE2 /* AppDelegate+Jpush.h */ = {isa = PBXFileReference; fileEncoding = 4; lastKnownFileType = sourcecode.c.h; path = "AppDelegate+Jpush.h"; sourceTree = "<group>"; };
		8BC0C3AC1EEFE3B800876EE2 /* AppDelegate+Jpush.m */ = {isa = PBXFileReference; fileEncoding = 4; lastKnownFileType = sourcecode.c.objc; path = "AppDelegate+Jpush.m"; sourceTree = "<group>"; };
		8BC0C3AF1EEFE44E00876EE2 /* BaseAppPrefixHeader.pch */ = {isa = PBXFileReference; lastKnownFileType = sourcecode.c.h; path = BaseAppPrefixHeader.pch; sourceTree = "<group>"; };
		8BC0C3B01EEFE4FF00876EE2 /* APPHeader.h */ = {isa = PBXFileReference; fileEncoding = 4; lastKnownFileType = sourcecode.c.h; path = APPHeader.h; sourceTree = "<group>"; };
		8BC0C3B11EEFE4FF00876EE2 /* IMPHeader.h */ = {isa = PBXFileReference; fileEncoding = 4; lastKnownFileType = sourcecode.c.h; path = IMPHeader.h; sourceTree = "<group>"; };
		8BC0C3B21EEFE4FF00876EE2 /* KEYHeader.h */ = {isa = PBXFileReference; fileEncoding = 4; lastKnownFileType = sourcecode.c.h; path = KEYHeader.h; sourceTree = "<group>"; };
		8BC0C3B31EEFE4FF00876EE2 /* URLHeader.h */ = {isa = PBXFileReference; fileEncoding = 4; lastKnownFileType = sourcecode.c.h; path = URLHeader.h; sourceTree = "<group>"; };
		8BC0C3B41EEFE5A000876EE2 /* BaseAppFCHeader.h */ = {isa = PBXFileReference; lastKnownFileType = sourcecode.c.h; path = BaseAppFCHeader.h; sourceTree = "<group>"; };
		8BC0C3B71EEFF0AF00876EE2 /* RegularTool.h */ = {isa = PBXFileReference; fileEncoding = 4; lastKnownFileType = sourcecode.c.h; path = RegularTool.h; sourceTree = "<group>"; };
		8BC0C3B81EEFF0AF00876EE2 /* RegularTool.m */ = {isa = PBXFileReference; fileEncoding = 4; lastKnownFileType = sourcecode.c.objc; path = RegularTool.m; sourceTree = "<group>"; };
		8BC0C3BC1EEFF1E700876EE2 /* UIView+Extension.h */ = {isa = PBXFileReference; fileEncoding = 4; lastKnownFileType = sourcecode.c.h; path = "UIView+Extension.h"; sourceTree = "<group>"; };
		8BC0C3BD1EEFF1E700876EE2 /* UIView+Extension.m */ = {isa = PBXFileReference; fileEncoding = 4; lastKnownFileType = sourcecode.c.objc; path = "UIView+Extension.m"; sourceTree = "<group>"; };
		D2FD6DF4C7A3FFF1382EA4A9 /* Pods-BaseAPP.debug.xcconfig */ = {isa = PBXFileReference; includeInIndex = 1; lastKnownFileType = text.xcconfig; name = "Pods-BaseAPP.debug.xcconfig"; path = "Pods/Target Support Files/Pods-BaseAPP/Pods-BaseAPP.debug.xcconfig"; sourceTree = "<group>"; };
		E770FFF6A1EE519D127E59B0 /* Pods-BaseAPP.release.xcconfig */ = {isa = PBXFileReference; includeInIndex = 1; lastKnownFileType = text.xcconfig; name = "Pods-BaseAPP.release.xcconfig"; path = "Pods/Target Support Files/Pods-BaseAPP/Pods-BaseAPP.release.xcconfig"; sourceTree = "<group>"; };
		F80136A26D7A4674F86EB61B /* libPods-BaseAPP.a */ = {isa = PBXFileReference; explicitFileType = archive.ar; includeInIndex = 0; path = "libPods-BaseAPP.a"; sourceTree = BUILT_PRODUCTS_DIR; };
/* End PBXFileReference section */

/* Begin PBXFrameworksBuildPhase section */
		1CC78DF41EE555DB0010C833 /* Frameworks */ = {
			isa = PBXFrameworksBuildPhase;
			buildActionMask = 2147483647;
			files = (
				8BC0C3A81EEFE34100876EE2 /* libresolv.tbd in Frameworks */,
				8BC0C3A61EEFE33900876EE2 /* UserNotifications.framework in Frameworks */,
				8BC0C3A41EEFE32D00876EE2 /* libz.tbd in Frameworks */,
				8BC0C3A21EEFE32500876EE2 /* Security.framework in Frameworks */,
				8BC0C3A01EEFE32000876EE2 /* UIKit.framework in Frameworks */,
				8BC0C39E1EEFE31A00876EE2 /* Foundation.framework in Frameworks */,
				8BC0C39C1EEFE31200876EE2 /* CoreGraphics.framework in Frameworks */,
				8BC0C39A1EEFE30900876EE2 /* SystemConfiguration.framework in Frameworks */,
				8BC0C3981EEFE30300876EE2 /* CoreTelephony.framework in Frameworks */,
				8BC0C3961EEFE2FD00876EE2 /* CoreFoundation.framework in Frameworks */,
				8BC0C3941EEFE2F500876EE2 /* CFNetwork.framework in Frameworks */,
				8BC0C3911EEFE2AF00876EE2 /* jpush-ios-3.0.2.a in Frameworks */,
				8BC0C3901EEFE2AF00876EE2 /* jcore-ios-1.1.1.a in Frameworks */,
				BD5456C9BC30EC4C316F23C8 /* libPods-BaseAPP.a in Frameworks */,
			);
			runOnlyForDeploymentPostprocessing = 0;
		};
		1CC78E0D1EE555DB0010C833 /* Frameworks */ = {
			isa = PBXFrameworksBuildPhase;
			buildActionMask = 2147483647;
			files = (
			);
			runOnlyForDeploymentPostprocessing = 0;
		};
		1CC78E181EE555DB0010C833 /* Frameworks */ = {
			isa = PBXFrameworksBuildPhase;
			buildActionMask = 2147483647;
			files = (
			);
			runOnlyForDeploymentPostprocessing = 0;
		};
/* End PBXFrameworksBuildPhase section */

/* Begin PBXGroup section */
		1C38C9E11EF290950002F750 /* BaseModel */ = {
			isa = PBXGroup;
			children = (
				1C38C9E91EF291030002F750 /* TestModel.m */,
				1C38C9EA1EF291030002F750 /* TestModel.h */,
				1C38C9E31EF290DF0002F750 /* BaseModel.m */,
				1C38C9E41EF290DF0002F750 /* BaseModel.h */,
			);
			name = BaseModel;
			sourceTree = "<group>";
		};
		1C38C9E21EF290BB0002F750 /* Network */ = {
			isa = PBXGroup;
			children = (
				1C38C9E61EF290F80002F750 /* NetworkManager.m */,
				1C38C9E71EF290F80002F750 /* NetworkManager.h */,
			);
			name = Network;
			sourceTree = "<group>";
		};
		1C38C9EC1EF2D1FF0002F750 /* BaseController */ = {
			isa = PBXGroup;
			children = (
				1C38C9F01EF2D3B60002F750 /* Tabbar.plist */,
				1C38C9ED1EF2D2A00002F750 /* MainTabBarController.h */,
				1C38C9EE1EF2D2A00002F750 /* MainTabBarController.m */,
			);
			name = BaseController;
			sourceTree = "<group>";
		};
		1CBD80D81EEFDA3C00EE2FD5 /* Base */ = {
			isa = PBXGroup;
			children = (
				1C38C9EC1EF2D1FF0002F750 /* BaseController */,
				1C38C9E11EF290950002F750 /* BaseModel */,
				8BC0C3B51EEFEFD800876EE2 /* BaseTool */,
				1CBD80DC1EEFDA9000EE2FD5 /* GuideView */,
			);
			name = Base;
			sourceTree = "<group>";
		};
		1CBD80D91EEFDA4300EE2FD5 /* Class */ = {
			isa = PBXGroup;
			children = (
				1C38C9F21EF2D5310002F750 /* MessageVC.h */,
				1C38C9F31EF2D5310002F750 /* MessageVC.m */,
				1C38C9F51EF2D53E0002F750 /* ContactsVC.h */,
				1C38C9F61EF2D53E0002F750 /* ContactsVC.m */,
				1C38C9F81EF2D54C0002F750 /* DiscoverVC.h */,
				1C38C9F91EF2D54C0002F750 /* DiscoverVC.m */,
				1C38C9FB1EF2D5640002F750 /* MineVC.h */,
				1C38C9FC1EF2D5640002F750 /* MineVC.m */,
			);
			name = Class;
			sourceTree = "<group>";
		};
		1CBD80DA1EEFDA5100EE2FD5 /* Appdelegete */ = {
			isa = PBXGroup;
			children = (
				1CC78DFD1EE555DB0010C833 /* AppDelegate.h */,
				1CC78DFE1EE555DB0010C833 /* AppDelegate.m */,
			);
			name = Appdelegete;
			sourceTree = "<group>";
		};
		1CBD80DC1EEFDA9000EE2FD5 /* GuideView */ = {
			isa = PBXGroup;
			children = (
				1CBD80DD1EEFDAD600EE2FD5 /* LaunchIntroductionView.m */,
				1CBD80DE1EEFDAD600EE2FD5 /* LaunchIntroductionView.h */,
			);
			name = GuideView;
			sourceTree = "<group>";
		};
		1CC78DEE1EE555DB0010C833 = {
			isa = PBXGroup;
			children = (
				1CC78DF91EE555DB0010C833 /* BaseAPP */,
				1CC78E131EE555DB0010C833 /* BaseAPPTests */,
				1CC78E1E1EE555DB0010C833 /* BaseAPPUITests */,
				1CC78DF81EE555DB0010C833 /* Products */,
				8BC0C3921EEFE2F400876EE2 /* Frameworks */,
				9EEE7270B99E5CB87A885DD8 /* Pods */,
			);
			sourceTree = "<group>";
		};
		1CC78DF81EE555DB0010C833 /* Products */ = {
			isa = PBXGroup;
			children = (
				1CC78DF71EE555DB0010C833 /* BaseAPP.app */,
				1CC78E101EE555DB0010C833 /* BaseAPPTests.xctest */,
				1CC78E1B1EE555DB0010C833 /* BaseAPPUITests.xctest */,
			);
			name = Products;
			sourceTree = "<group>";
		};
		1CC78DF91EE555DB0010C833 /* BaseAPP */ = {
			isa = PBXGroup;
			children = (
				8BC0C3A91EEFE34B00876EE2 /* BaseAPP.entitlements */,
				1CBD80DA1EEFDA5100EE2FD5 /* Appdelegete */,
				8BC0C3AA1EEFE3B800876EE2 /* AppDelegateCategory */,
				8BC0C3BA1EEFF1E700876EE2 /* Category */,
				1CBD80D81EEFDA3C00EE2FD5 /* Base */,
				1C38C9E21EF290BB0002F750 /* Network */,
				1CBD80D91EEFDA4300EE2FD5 /* Class */,
				8BC0C3AE1EEFE3FE00876EE2 /* Macros(宏) */,
				8BC0C38B1EEFE2AF00876EE2 /* TheThird */,
				1CC78E001EE555DB0010C833 /* ViewController.h */,
				1CC78E011EE555DB0010C833 /* ViewController.m */,
				1CC78E031EE555DB0010C833 /* Main.storyboard */,
				1CC78E061EE555DB0010C833 /* Assets.xcassets */,
				1CC78E081EE555DB0010C833 /* LaunchScreen.storyboard */,
				1CC78E0B1EE555DB0010C833 /* Info.plist */,
				1CC78DFA1EE555DB0010C833 /* Supporting Files */,
			);
			path = BaseAPP;
			sourceTree = "<group>";
		};
		1CC78DFA1EE555DB0010C833 /* Supporting Files */ = {
			isa = PBXGroup;
			children = (
				1CC78E331EE556430010C833 /* Localizable.strings */,
				1CC78E391EE559530010C833 /* InfoPlist.strings */,
				1CC78DFB1EE555DB0010C833 /* main.m */,
				8BC0C3AF1EEFE44E00876EE2 /* BaseAppPrefixHeader.pch */,
			);
			name = "Supporting Files";
			sourceTree = "<group>";
		};
		1CC78E131EE555DB0010C833 /* BaseAPPTests */ = {
			isa = PBXGroup;
			children = (
				1CC78E141EE555DB0010C833 /* BaseAPPTests.m */,
				1CC78E161EE555DB0010C833 /* Info.plist */,
			);
			path = BaseAPPTests;
			sourceTree = "<group>";
		};
		1CC78E1E1EE555DB0010C833 /* BaseAPPUITests */ = {
			isa = PBXGroup;
			children = (
				1CC78E1F1EE555DB0010C833 /* BaseAPPUITests.m */,
				1CC78E211EE555DB0010C833 /* Info.plist */,
			);
			path = BaseAPPUITests;
			sourceTree = "<group>";
		};
		8BC0C38B1EEFE2AF00876EE2 /* TheThird */ = {
			isa = PBXGroup;
			children = (
				8BC0C38C1EEFE2AF00876EE2 /* JPush */,
			);
			path = TheThird;
			sourceTree = "<group>";
		};
		8BC0C38C1EEFE2AF00876EE2 /* JPush */ = {
			isa = PBXGroup;
			children = (
				8BC0C38D1EEFE2AF00876EE2 /* jcore-ios-1.1.1.a */,
				8BC0C38E1EEFE2AF00876EE2 /* jpush-ios-3.0.2.a */,
				8BC0C38F1EEFE2AF00876EE2 /* JPUSHService.h */,
			);
			path = JPush;
			sourceTree = "<group>";
		};
		8BC0C3921EEFE2F400876EE2 /* Frameworks */ = {
			isa = PBXGroup;
			children = (
				8BC0C3A71EEFE34100876EE2 /* libresolv.tbd */,
				8BC0C3A51EEFE33900876EE2 /* UserNotifications.framework */,
				8BC0C3A31EEFE32D00876EE2 /* libz.tbd */,
				8BC0C3A11EEFE32500876EE2 /* Security.framework */,
				8BC0C39F1EEFE32000876EE2 /* UIKit.framework */,
				8BC0C39D1EEFE31A00876EE2 /* Foundation.framework */,
				8BC0C39B1EEFE31200876EE2 /* CoreGraphics.framework */,
				8BC0C3991EEFE30900876EE2 /* SystemConfiguration.framework */,
				8BC0C3971EEFE30300876EE2 /* CoreTelephony.framework */,
				8BC0C3951EEFE2FD00876EE2 /* CoreFoundation.framework */,
				8BC0C3931EEFE2F500876EE2 /* CFNetwork.framework */,
				F80136A26D7A4674F86EB61B /* libPods-BaseAPP.a */,
			);
			name = Frameworks;
			sourceTree = "<group>";
		};
		8BC0C3AA1EEFE3B800876EE2 /* AppDelegateCategory */ = {
			isa = PBXGroup;
			children = (
				8BC0C3AB1EEFE3B800876EE2 /* AppDelegate+Jpush.h */,
				8BC0C3AC1EEFE3B800876EE2 /* AppDelegate+Jpush.m */,
			);
			path = AppDelegateCategory;
			sourceTree = "<group>";
		};
		8BC0C3AE1EEFE3FE00876EE2 /* Macros(宏) */ = {
			isa = PBXGroup;
			children = (
				8BC0C3B01EEFE4FF00876EE2 /* APPHeader.h */,
				8BC0C3B11EEFE4FF00876EE2 /* IMPHeader.h */,
				8BC0C3B21EEFE4FF00876EE2 /* KEYHeader.h */,
				8BC0C3B31EEFE4FF00876EE2 /* URLHeader.h */,
				8BC0C3B41EEFE5A000876EE2 /* BaseAppFCHeader.h */,
			);
			name = "Macros(宏)";
			path = "BaseAPP/Macros(宏)";
			sourceTree = SOURCE_ROOT;
		};
		8BC0C3B51EEFEFD800876EE2 /* BaseTool */ = {
			isa = PBXGroup;
			children = (
				8BC0C3B61EEFF09300876EE2 /* regularEXTool(正则) */,
			);
			path = BaseTool;
			sourceTree = "<group>";
		};
		8BC0C3B61EEFF09300876EE2 /* regularEXTool(正则) */ = {
			isa = PBXGroup;
			children = (
				8BC0C3B71EEFF0AF00876EE2 /* RegularTool.h */,
				8BC0C3B81EEFF0AF00876EE2 /* RegularTool.m */,
			);
			path = "regularEXTool(正则)";
			sourceTree = "<group>";
		};
		8BC0C3BA1EEFF1E700876EE2 /* Category */ = {
			isa = PBXGroup;
			children = (
				8BC0C3BB1EEFF1E700876EE2 /* UIViewExtension */,
			);
			path = Category;
			sourceTree = "<group>";
		};
		8BC0C3BB1EEFF1E700876EE2 /* UIViewExtension */ = {
			isa = PBXGroup;
			children = (
				8BC0C3BC1EEFF1E700876EE2 /* UIView+Extension.h */,
				8BC0C3BD1EEFF1E700876EE2 /* UIView+Extension.m */,
			);
			path = UIViewExtension;
			sourceTree = "<group>";
		};
		9EEE7270B99E5CB87A885DD8 /* Pods */ = {
			isa = PBXGroup;
			children = (
				D2FD6DF4C7A3FFF1382EA4A9 /* Pods-BaseAPP.debug.xcconfig */,
				E770FFF6A1EE519D127E59B0 /* Pods-BaseAPP.release.xcconfig */,
			);
			name = Pods;
			sourceTree = "<group>";
		};
/* End PBXGroup section */

/* Begin PBXNativeTarget section */
		1CC78DF61EE555DB0010C833 /* BaseAPP */ = {
			isa = PBXNativeTarget;
			buildConfigurationList = 1CC78E241EE555DB0010C833 /* Build configuration list for PBXNativeTarget "BaseAPP" */;
			buildPhases = (
				7A02F41CFB8CC2B923F3649E /* [CP] Check Pods Manifest.lock */,
				1CC78DF31EE555DB0010C833 /* Sources */,
				1CC78DF41EE555DB0010C833 /* Frameworks */,
				1CC78DF51EE555DB0010C833 /* Resources */,
				2C4924EC880E4ACACC6D338A /* [CP] Embed Pods Frameworks */,
				F42982ED05F13B7F06ADECB0 /* [CP] Copy Pods Resources */,
			);
			buildRules = (
			);
			dependencies = (
			);
			name = BaseAPP;
			productName = BaseAPP;
			productReference = 1CC78DF71EE555DB0010C833 /* BaseAPP.app */;
			productType = "com.apple.product-type.application";
		};
		1CC78E0F1EE555DB0010C833 /* BaseAPPTests */ = {
			isa = PBXNativeTarget;
			buildConfigurationList = 1CC78E271EE555DB0010C833 /* Build configuration list for PBXNativeTarget "BaseAPPTests" */;
			buildPhases = (
				1CC78E0C1EE555DB0010C833 /* Sources */,
				1CC78E0D1EE555DB0010C833 /* Frameworks */,
				1CC78E0E1EE555DB0010C833 /* Resources */,
			);
			buildRules = (
			);
			dependencies = (
				1CC78E121EE555DB0010C833 /* PBXTargetDependency */,
			);
			name = BaseAPPTests;
			productName = BaseAPPTests;
			productReference = 1CC78E101EE555DB0010C833 /* BaseAPPTests.xctest */;
			productType = "com.apple.product-type.bundle.unit-test";
		};
		1CC78E1A1EE555DB0010C833 /* BaseAPPUITests */ = {
			isa = PBXNativeTarget;
			buildConfigurationList = 1CC78E2A1EE555DB0010C833 /* Build configuration list for PBXNativeTarget "BaseAPPUITests" */;
			buildPhases = (
				1CC78E171EE555DB0010C833 /* Sources */,
				1CC78E181EE555DB0010C833 /* Frameworks */,
				1CC78E191EE555DB0010C833 /* Resources */,
			);
			buildRules = (
			);
			dependencies = (
				1CC78E1D1EE555DB0010C833 /* PBXTargetDependency */,
			);
			name = BaseAPPUITests;
			productName = BaseAPPUITests;
			productReference = 1CC78E1B1EE555DB0010C833 /* BaseAPPUITests.xctest */;
			productType = "com.apple.product-type.bundle.ui-testing";
		};
/* End PBXNativeTarget section */

/* Begin PBXProject section */
		1CC78DEF1EE555DB0010C833 /* Project object */ = {
			isa = PBXProject;
			attributes = {
				LastUpgradeCheck = 0830;
				ORGANIZATIONNAME = "刘一峰";
				TargetAttributes = {
					1CC78DF61EE555DB0010C833 = {
						CreatedOnToolsVersion = 8.3.2;
						DevelopmentTeam = G8R7QB6NSW;
						ProvisioningStyle = Automatic;
						SystemCapabilities = {
							com.apple.Push = {
								enabled = 1;
							};
						};
					};
					1CC78E0F1EE555DB0010C833 = {
						CreatedOnToolsVersion = 8.3.2;
						DevelopmentTeam = G8R7QB6NSW;
						ProvisioningStyle = Automatic;
						TestTargetID = 1CC78DF61EE555DB0010C833;
					};
					1CC78E1A1EE555DB0010C833 = {
						CreatedOnToolsVersion = 8.3.2;
						DevelopmentTeam = G8R7QB6NSW;
						ProvisioningStyle = Automatic;
						TestTargetID = 1CC78DF61EE555DB0010C833;
					};
				};
			};
			buildConfigurationList = 1CC78DF21EE555DB0010C833 /* Build configuration list for PBXProject "BaseAPP" */;
			compatibilityVersion = "Xcode 3.2";
			developmentRegion = English;
			hasScannedForEncodings = 0;
			knownRegions = (
				en,
				Base,
				"zh-Hans",
			);
			mainGroup = 1CC78DEE1EE555DB0010C833;
			productRefGroup = 1CC78DF81EE555DB0010C833 /* Products */;
			projectDirPath = "";
			projectRoot = "";
			targets = (
				1CC78DF61EE555DB0010C833 /* BaseAPP */,
				1CC78E0F1EE555DB0010C833 /* BaseAPPTests */,
				1CC78E1A1EE555DB0010C833 /* BaseAPPUITests */,
			);
		};
/* End PBXProject section */

/* Begin PBXResourcesBuildPhase section */
		1CC78DF51EE555DB0010C833 /* Resources */ = {
			isa = PBXResourcesBuildPhase;
			buildActionMask = 2147483647;
			files = (
				1CC78E0A1EE555DB0010C833 /* LaunchScreen.storyboard in Resources */,
				1CC78E311EE556430010C833 /* Localizable.strings in Resources */,
				1C38C9F11EF2D3B60002F750 /* Tabbar.plist in Resources */,
				1CC78E071EE555DB0010C833 /* Assets.xcassets in Resources */,
				1CC78E051EE555DB0010C833 /* Main.storyboard in Resources */,
				1CC78E371EE559530010C833 /* InfoPlist.strings in Resources */,
			);
			runOnlyForDeploymentPostprocessing = 0;
		};
		1CC78E0E1EE555DB0010C833 /* Resources */ = {
			isa = PBXResourcesBuildPhase;
			buildActionMask = 2147483647;
			files = (
			);
			runOnlyForDeploymentPostprocessing = 0;
		};
		1CC78E191EE555DB0010C833 /* Resources */ = {
			isa = PBXResourcesBuildPhase;
			buildActionMask = 2147483647;
			files = (
			);
			runOnlyForDeploymentPostprocessing = 0;
		};
/* End PBXResourcesBuildPhase section */

/* Begin PBXShellScriptBuildPhase section */
		2C4924EC880E4ACACC6D338A /* [CP] Embed Pods Frameworks */ = {
			isa = PBXShellScriptBuildPhase;
			buildActionMask = 2147483647;
			files = (
			);
			inputPaths = (
			);
			name = "[CP] Embed Pods Frameworks";
			outputPaths = (
			);
			runOnlyForDeploymentPostprocessing = 0;
			shellPath = /bin/sh;
			shellScript = "\"${SRCROOT}/Pods/Target Support Files/Pods-BaseAPP/Pods-BaseAPP-frameworks.sh\"\n";
			showEnvVarsInLog = 0;
		};
		7A02F41CFB8CC2B923F3649E /* [CP] Check Pods Manifest.lock */ = {
			isa = PBXShellScriptBuildPhase;
			buildActionMask = 2147483647;
			files = (
			);
			inputPaths = (
			);
			name = "[CP] Check Pods Manifest.lock";
			outputPaths = (
			);
			runOnlyForDeploymentPostprocessing = 0;
			shellPath = /bin/sh;
			shellScript = "diff \"${PODS_ROOT}/../Podfile.lock\" \"${PODS_ROOT}/Manifest.lock\" > /dev/null\nif [ $? != 0 ] ; then\n    # print error to STDERR\n    echo \"error: The sandbox is not in sync with the Podfile.lock. Run 'pod install' or update your CocoaPods installation.\" >&2\n    exit 1\nfi\n";
			showEnvVarsInLog = 0;
		};
		F42982ED05F13B7F06ADECB0 /* [CP] Copy Pods Resources */ = {
			isa = PBXShellScriptBuildPhase;
			buildActionMask = 2147483647;
			files = (
			);
			inputPaths = (
			);
			name = "[CP] Copy Pods Resources";
			outputPaths = (
			);
			runOnlyForDeploymentPostprocessing = 0;
			shellPath = /bin/sh;
			shellScript = "\"${SRCROOT}/Pods/Target Support Files/Pods-BaseAPP/Pods-BaseAPP-resources.sh\"\n";
			showEnvVarsInLog = 0;
		};
/* End PBXShellScriptBuildPhase section */

/* Begin PBXSourcesBuildPhase section */
		1CC78DF31EE555DB0010C833 /* Sources */ = {
			isa = PBXSourcesBuildPhase;
			buildActionMask = 2147483647;
			files = (
				8BC0C3B91EEFF0AF00876EE2 /* RegularTool.m in Sources */,
				1C38C9EB1EF291030002F750 /* TestModel.m in Sources */,
				1C38C9F71EF2D53E0002F750 /* ContactsVC.m in Sources */,
				1C38C9FD1EF2D5640002F750 /* MineVC.m in Sources */,
				1CC78E021EE555DB0010C833 /* ViewController.m in Sources */,
				1C38C9E51EF290DF0002F750 /* BaseModel.m in Sources */,
				1CC78DFF1EE555DB0010C833 /* AppDelegate.m in Sources */,
				1C38C9EF1EF2D2A00002F750 /* MainTabBarController.m in Sources */,
				8BC0C3BE1EEFF1E700876EE2 /* UIView+Extension.m in Sources */,
				1CC78DFC1EE555DB0010C833 /* main.m in Sources */,
				1C38C9F41EF2D5310002F750 /* MessageVC.m in Sources */,
				1CBD80DF1EEFDAD600EE2FD5 /* LaunchIntroductionView.m in Sources */,
				1C38C9FA1EF2D54C0002F750 /* DiscoverVC.m in Sources */,
				1C38C9E81EF290F80002F750 /* NetworkManager.m in Sources */,
				8BC0C3AD1EEFE3B800876EE2 /* AppDelegate+Jpush.m in Sources */,
			);
			runOnlyForDeploymentPostprocessing = 0;
		};
		1CC78E0C1EE555DB0010C833 /* Sources */ = {
			isa = PBXSourcesBuildPhase;
			buildActionMask = 2147483647;
			files = (
				1CC78E151EE555DB0010C833 /* BaseAPPTests.m in Sources */,
			);
			runOnlyForDeploymentPostprocessing = 0;
		};
		1CC78E171EE555DB0010C833 /* Sources */ = {
			isa = PBXSourcesBuildPhase;
			buildActionMask = 2147483647;
			files = (
				1CC78E201EE555DB0010C833 /* BaseAPPUITests.m in Sources */,
			);
			runOnlyForDeploymentPostprocessing = 0;
		};
/* End PBXSourcesBuildPhase section */

/* Begin PBXTargetDependency section */
		1CC78E121EE555DB0010C833 /* PBXTargetDependency */ = {
			isa = PBXTargetDependency;
			target = 1CC78DF61EE555DB0010C833 /* BaseAPP */;
			targetProxy = 1CC78E111EE555DB0010C833 /* PBXContainerItemProxy */;
		};
		1CC78E1D1EE555DB0010C833 /* PBXTargetDependency */ = {
			isa = PBXTargetDependency;
			target = 1CC78DF61EE555DB0010C833 /* BaseAPP */;
			targetProxy = 1CC78E1C1EE555DB0010C833 /* PBXContainerItemProxy */;
		};
/* End PBXTargetDependency section */

/* Begin PBXVariantGroup section */
		1CC78E031EE555DB0010C833 /* Main.storyboard */ = {
			isa = PBXVariantGroup;
			children = (
				1CC78E431EE55B650010C833 /* Base */,
				1CC78E461EE55B890010C833 /* en */,
				1CC78E4A1EE55B9F0010C833 /* zh-Hans */,
			);
			name = Main.storyboard;
			sourceTree = "<group>";
		};
		1CC78E081EE555DB0010C833 /* LaunchScreen.storyboard */ = {
			isa = PBXVariantGroup;
			children = (
				1CC78E441EE55B6E0010C833 /* Base */,
				1CC78E4C1EE55BA50010C833 /* en */,
				1CC78E4E1EE55BA80010C833 /* zh-Hans */,
			);
			name = LaunchScreen.storyboard;
			sourceTree = "<group>";
		};
		1CC78E331EE556430010C833 /* Localizable.strings */ = {
			isa = PBXVariantGroup;
			children = (
				1CC78E321EE556430010C833 /* en */,
				1CC78E341EE556440010C833 /* zh-Hans */,
			);
			name = Localizable.strings;
			sourceTree = "<group>";
		};
		1CC78E391EE559530010C833 /* InfoPlist.strings */ = {
			isa = PBXVariantGroup;
			children = (
				1CC78E381EE559530010C833 /* en */,
				1CC78E3A1EE559540010C833 /* zh-Hans */,
			);
			name = InfoPlist.strings;
			sourceTree = "<group>";
		};
/* End PBXVariantGroup section */

/* Begin XCBuildConfiguration section */
		1CC78E221EE555DB0010C833 /* Debug */ = {
			isa = XCBuildConfiguration;
			buildSettings = {
				ALWAYS_SEARCH_USER_PATHS = NO;
				CLANG_ANALYZER_LOCALIZABILITY_NONLOCALIZED = YES;
				CLANG_ANALYZER_NONNULL = YES;
				CLANG_ANALYZER_NUMBER_OBJECT_CONVERSION = YES_AGGRESSIVE;
				CLANG_CXX_LANGUAGE_STANDARD = "gnu++0x";
				CLANG_CXX_LIBRARY = "libc++";
				CLANG_ENABLE_MODULES = YES;
				CLANG_ENABLE_OBJC_ARC = YES;
				CLANG_WARN_BOOL_CONVERSION = YES;
				CLANG_WARN_CONSTANT_CONVERSION = YES;
				CLANG_WARN_DIRECT_OBJC_ISA_USAGE = YES_ERROR;
				CLANG_WARN_DOCUMENTATION_COMMENTS = YES;
				CLANG_WARN_EMPTY_BODY = YES;
				CLANG_WARN_ENUM_CONVERSION = YES;
				CLANG_WARN_INFINITE_RECURSION = YES;
				CLANG_WARN_INT_CONVERSION = YES;
				CLANG_WARN_OBJC_ROOT_CLASS = YES_ERROR;
				CLANG_WARN_SUSPICIOUS_MOVE = YES;
				CLANG_WARN_UNREACHABLE_CODE = YES;
				CLANG_WARN__DUPLICATE_METHOD_MATCH = YES;
				"CODE_SIGN_IDENTITY[sdk=iphoneos*]" = "iPhone Developer";
				COPY_PHASE_STRIP = NO;
				DEBUG_INFORMATION_FORMAT = dwarf;
				ENABLE_STRICT_OBJC_MSGSEND = YES;
				ENABLE_TESTABILITY = YES;
				GCC_C_LANGUAGE_STANDARD = gnu99;
				GCC_DYNAMIC_NO_PIC = NO;
				GCC_NO_COMMON_BLOCKS = YES;
				GCC_OPTIMIZATION_LEVEL = 0;
				GCC_PREPROCESSOR_DEFINITIONS = (
					"DEBUG=1",
					"$(inherited)",
				);
				GCC_WARN_64_TO_32_BIT_CONVERSION = YES;
				GCC_WARN_ABOUT_RETURN_TYPE = YES_ERROR;
				GCC_WARN_UNDECLARED_SELECTOR = YES;
				GCC_WARN_UNINITIALIZED_AUTOS = YES_AGGRESSIVE;
				GCC_WARN_UNUSED_FUNCTION = YES;
				GCC_WARN_UNUSED_VARIABLE = YES;
				IPHONEOS_DEPLOYMENT_TARGET = 10.3;
				MTL_ENABLE_DEBUG_INFO = YES;
				ONLY_ACTIVE_ARCH = YES;
				SDKROOT = iphoneos;
				TARGETED_DEVICE_FAMILY = "1,2";
			};
			name = Debug;
		};
		1CC78E231EE555DB0010C833 /* Release */ = {
			isa = XCBuildConfiguration;
			buildSettings = {
				ALWAYS_SEARCH_USER_PATHS = NO;
				CLANG_ANALYZER_LOCALIZABILITY_NONLOCALIZED = YES;
				CLANG_ANALYZER_NONNULL = YES;
				CLANG_ANALYZER_NUMBER_OBJECT_CONVERSION = YES_AGGRESSIVE;
				CLANG_CXX_LANGUAGE_STANDARD = "gnu++0x";
				CLANG_CXX_LIBRARY = "libc++";
				CLANG_ENABLE_MODULES = YES;
				CLANG_ENABLE_OBJC_ARC = YES;
				CLANG_WARN_BOOL_CONVERSION = YES;
				CLANG_WARN_CONSTANT_CONVERSION = YES;
				CLANG_WARN_DIRECT_OBJC_ISA_USAGE = YES_ERROR;
				CLANG_WARN_DOCUMENTATION_COMMENTS = YES;
				CLANG_WARN_EMPTY_BODY = YES;
				CLANG_WARN_ENUM_CONVERSION = YES;
				CLANG_WARN_INFINITE_RECURSION = YES;
				CLANG_WARN_INT_CONVERSION = YES;
				CLANG_WARN_OBJC_ROOT_CLASS = YES_ERROR;
				CLANG_WARN_SUSPICIOUS_MOVE = YES;
				CLANG_WARN_UNREACHABLE_CODE = YES;
				CLANG_WARN__DUPLICATE_METHOD_MATCH = YES;
				"CODE_SIGN_IDENTITY[sdk=iphoneos*]" = "iPhone Developer";
				COPY_PHASE_STRIP = NO;
				DEBUG_INFORMATION_FORMAT = "dwarf-with-dsym";
				ENABLE_NS_ASSERTIONS = NO;
				ENABLE_STRICT_OBJC_MSGSEND = YES;
				GCC_C_LANGUAGE_STANDARD = gnu99;
				GCC_NO_COMMON_BLOCKS = YES;
				GCC_WARN_64_TO_32_BIT_CONVERSION = YES;
				GCC_WARN_ABOUT_RETURN_TYPE = YES_ERROR;
				GCC_WARN_UNDECLARED_SELECTOR = YES;
				GCC_WARN_UNINITIALIZED_AUTOS = YES_AGGRESSIVE;
				GCC_WARN_UNUSED_FUNCTION = YES;
				GCC_WARN_UNUSED_VARIABLE = YES;
				IPHONEOS_DEPLOYMENT_TARGET = 10.3;
				MTL_ENABLE_DEBUG_INFO = NO;
				SDKROOT = iphoneos;
				TARGETED_DEVICE_FAMILY = "1,2";
				VALIDATE_PRODUCT = YES;
			};
			name = Release;
		};
		1CC78E251EE555DB0010C833 /* Debug */ = {
			isa = XCBuildConfiguration;
			baseConfigurationReference = D2FD6DF4C7A3FFF1382EA4A9 /* Pods-BaseAPP.debug.xcconfig */;
			buildSettings = {
				ASSETCATALOG_COMPILER_APPICON_NAME = AppIcon;
				CODE_SIGN_ENTITLEMENTS = BaseAPP/BaseAPP.entitlements;
				DEVELOPMENT_TEAM = G8R7QB6NSW;
				GCC_PREFIX_HEADER = "$(SRCROOT)/BaseAPP/BaseAppPrefixHeader.pch";
				INFOPLIST_FILE = BaseAPP/Info.plist;
				IPHONEOS_DEPLOYMENT_TARGET = 10.1;
				LD_RUNPATH_SEARCH_PATHS = "$(inherited) @executable_path/Frameworks";
				LIBRARY_SEARCH_PATHS = (
					"$(inherited)",
					"$(PROJECT_DIR)/BaseAPP/TheThird/JPush",
				);
				PRODUCT_BUNDLE_IDENTIFIER = com.lyf.BaseAPP;
				PRODUCT_NAME = "$(TARGET_NAME)";
				TARGETED_DEVICE_FAMILY = 1;
			};
			name = Debug;
		};
		1CC78E261EE555DB0010C833 /* Release */ = {
			isa = XCBuildConfiguration;
			baseConfigurationReference = E770FFF6A1EE519D127E59B0 /* Pods-BaseAPP.release.xcconfig */;
			buildSettings = {
				ASSETCATALOG_COMPILER_APPICON_NAME = AppIcon;
				CODE_SIGN_ENTITLEMENTS = BaseAPP/BaseAPP.entitlements;
				DEVELOPMENT_TEAM = G8R7QB6NSW;
				GCC_PREFIX_HEADER = "$(SRCROOT)/BaseAPP/BaseAppPrefixHeader.pch";
				INFOPLIST_FILE = BaseAPP/Info.plist;
				IPHONEOS_DEPLOYMENT_TARGET = 10.1;
				LD_RUNPATH_SEARCH_PATHS = "$(inherited) @executable_path/Frameworks";
				LIBRARY_SEARCH_PATHS = (
					"$(inherited)",
					"$(PROJECT_DIR)/BaseAPP/TheThird/JPush",
				);
				PRODUCT_BUNDLE_IDENTIFIER = com.lyf.BaseAPP;
				PRODUCT_NAME = "$(TARGET_NAME)";
				TARGETED_DEVICE_FAMILY = 1;
			};
			name = Release;
		};
		1CC78E281EE555DB0010C833 /* Debug */ = {
			isa = XCBuildConfiguration;
			buildSettings = {
				BUNDLE_LOADER = "$(TEST_HOST)";
				DEVELOPMENT_TEAM = G8R7QB6NSW;
				INFOPLIST_FILE = BaseAPPTests/Info.plist;
				LD_RUNPATH_SEARCH_PATHS = "$(inherited) @executable_path/Frameworks @loader_path/Frameworks";
				PRODUCT_BUNDLE_IDENTIFIER = com.lyf.BaseAPPTests;
				PRODUCT_NAME = "$(TARGET_NAME)";
				TEST_HOST = "$(BUILT_PRODUCTS_DIR)/BaseAPP.app/BaseAPP";
			};
			name = Debug;
		};
		1CC78E291EE555DB0010C833 /* Release */ = {
			isa = XCBuildConfiguration;
			buildSettings = {
				BUNDLE_LOADER = "$(TEST_HOST)";
				DEVELOPMENT_TEAM = G8R7QB6NSW;
				INFOPLIST_FILE = BaseAPPTests/Info.plist;
				LD_RUNPATH_SEARCH_PATHS = "$(inherited) @executable_path/Frameworks @loader_path/Frameworks";
				PRODUCT_BUNDLE_IDENTIFIER = com.lyf.BaseAPPTests;
				PRODUCT_NAME = "$(TARGET_NAME)";
				TEST_HOST = "$(BUILT_PRODUCTS_DIR)/BaseAPP.app/BaseAPP";
			};
			name = Release;
		};
		1CC78E2B1EE555DB0010C833 /* Debug */ = {
			isa = XCBuildConfiguration;
			buildSettings = {
				DEVELOPMENT_TEAM = G8R7QB6NSW;
				INFOPLIST_FILE = BaseAPPUITests/Info.plist;
				LD_RUNPATH_SEARCH_PATHS = "$(inherited) @executable_path/Frameworks @loader_path/Frameworks";
				PRODUCT_BUNDLE_IDENTIFIER = com.lyf.BaseAPPUITests;
				PRODUCT_NAME = "$(TARGET_NAME)";
				TEST_TARGET_NAME = BaseAPP;
			};
			name = Debug;
		};
		1CC78E2C1EE555DB0010C833 /* Release */ = {
			isa = XCBuildConfiguration;
			buildSettings = {
				DEVELOPMENT_TEAM = G8R7QB6NSW;
				INFOPLIST_FILE = BaseAPPUITests/Info.plist;
				LD_RUNPATH_SEARCH_PATHS = "$(inherited) @executable_path/Frameworks @loader_path/Frameworks";
				PRODUCT_BUNDLE_IDENTIFIER = com.lyf.BaseAPPUITests;
				PRODUCT_NAME = "$(TARGET_NAME)";
				TEST_TARGET_NAME = BaseAPP;
			};
			name = Release;
		};
/* End XCBuildConfiguration section */

/* Begin XCConfigurationList section */
		1CC78DF21EE555DB0010C833 /* Build configuration list for PBXProject "BaseAPP" */ = {
			isa = XCConfigurationList;
			buildConfigurations = (
				1CC78E221EE555DB0010C833 /* Debug */,
				1CC78E231EE555DB0010C833 /* Release */,
			);
			defaultConfigurationIsVisible = 0;
			defaultConfigurationName = Release;
		};
		1CC78E241EE555DB0010C833 /* Build configuration list for PBXNativeTarget "BaseAPP" */ = {
			isa = XCConfigurationList;
			buildConfigurations = (
				1CC78E251EE555DB0010C833 /* Debug */,
				1CC78E261EE555DB0010C833 /* Release */,
			);
			defaultConfigurationIsVisible = 0;
			defaultConfigurationName = Release;
		};
		1CC78E271EE555DB0010C833 /* Build configuration list for PBXNativeTarget "BaseAPPTests" */ = {
			isa = XCConfigurationList;
			buildConfigurations = (
				1CC78E281EE555DB0010C833 /* Debug */,
				1CC78E291EE555DB0010C833 /* Release */,
			);
			defaultConfigurationIsVisible = 0;
			defaultConfigurationName = Release;
		};
		1CC78E2A1EE555DB0010C833 /* Build configuration list for PBXNativeTarget "BaseAPPUITests" */ = {
			isa = XCConfigurationList;
			buildConfigurations = (
				1CC78E2B1EE555DB0010C833 /* Debug */,
				1CC78E2C1EE555DB0010C833 /* Release */,
			);
			defaultConfigurationIsVisible = 0;
			defaultConfigurationName = Release;
		};
/* End XCConfigurationList section */
	};
	rootObject = 1CC78DEF1EE555DB0010C833 /* Project object */;
}
